// !$*UTF8*$!
{
	archiveVersion = 1;
	classes = {
	};
	objectVersion = 50;
	objects = {

/* Begin PBXBuildFile section */
		10C24FA024EE190700BDD050 /* AppDelegate.swift in Sources */ = {isa = PBXBuildFile; fileRef = 10C24F9F24EE190700BDD050 /* AppDelegate.swift */; };
		10C24FA224EE190700BDD050 /* SceneDelegate.swift in Sources */ = {isa = PBXBuildFile; fileRef = 10C24FA124EE190700BDD050 /* SceneDelegate.swift */; };
		10C24FA424EE190700BDD050 /* ContentView.swift in Sources */ = {isa = PBXBuildFile; fileRef = 10C24FA324EE190700BDD050 /* ContentView.swift */; };
		10C24FA624EE190800BDD050 /* Assets.xcassets in Resources */ = {isa = PBXBuildFile; fileRef = 10C24FA524EE190800BDD050 /* Assets.xcassets */; };
		10C24FA924EE190800BDD050 /* Preview Assets.xcassets in Resources */ = {isa = PBXBuildFile; fileRef = 10C24FA824EE190800BDD050 /* Preview Assets.xcassets */; };
		10C24FAC24EE190800BDD050 /* LaunchScreen.storyboard in Resources */ = {isa = PBXBuildFile; fileRef = 10C24FAA24EE190800BDD050 /* LaunchScreen.storyboard */; };
/* End PBXBuildFile section */

/* Begin PBXFileReference section */
		10C24F9C24EE190700BDD050 /* rock-paper-scissors.app */ = {isa = PBXFileReference; explicitFileType = wrapper.application; includeInIndex = 0; path = "rock-paper-scissors.app"; sourceTree = BUILT_PRODUCTS_DIR; };
		10C24F9F24EE190700BDD050 /* AppDelegate.swift */ = {isa = PBXFileReference; lastKnownFileType = sourcecode.swift; path = AppDelegate.swift; sourceTree = "<group>"; };
		10C24FA124EE190700BDD050 /* SceneDelegate.swift */ = {isa = PBXFileReference; lastKnownFileType = sourcecode.swift; path = SceneDelegate.swift; sourceTree = "<group>"; };
		10C24FA324EE190700BDD050 /* ContentView.swift */ = {isa = PBXFileReference; lastKnownFileType = sourcecode.swift; path = ContentView.swift; sourceTree = "<group>"; };
		10C24FA524EE190800BDD050 /* Assets.xcassets */ = {isa = PBXFileReference; lastKnownFileType = folder.assetcatalog; path = Assets.xcassets; sourceTree = "<group>"; };
		10C24FA824EE190800BDD050 /* Preview Assets.xcassets */ = {isa = PBXFileReference; lastKnownFileType = folder.assetcatalog; path = "Preview Assets.xcassets"; sourceTree = "<group>"; };
		10C24FAB24EE190800BDD050 /* Base */ = {isa = PBXFileReference; lastKnownFileType = file.storyboard; name = Base; path = Base.lproj/LaunchScreen.storyboard; sourceTree = "<group>"; };
		10C24FAD24EE190800BDD050 /* Info.plist */ = {isa = PBXFileReference; lastKnownFileType = text.plist.xml; path = Info.plist; sourceTree = "<group>"; };
/* End PBXFileReference section */

/* Begin PBXFrameworksBuildPhase section */
		10C24F9924EE190700BDD050 /* Frameworks */ = {
			isa = PBXFrameworksBuildPhase;
			buildActionMask = 2147483647;
			files = (
			);
			runOnlyForDeploymentPostprocessing = 0;
		};
/* End PBXFrameworksBuildPhase section */

/* Begin PBXGroup section */
		10C24F9324EE190700BDD050 = {
			isa = PBXGroup;
			children = (
				10C24F9E24EE190700BDD050 /* rock-paper-scissors */,
				10C24F9D24EE190700BDD050 /* Products */,
			);
			sourceTree = "<group>";
		};
		10C24F9D24EE190700BDD050 /* Products */ = {
			isa = PBXGroup;
			children = (
				10C24F9C24EE190700BDD050 /* rock-paper-scissors.app */,
			);
			name = Products;
			sourceTree = "<group>";
		};
		10C24F9E24EE190700BDD050 /* rock-paper-scissors */ = {
			isa = PBXGroup;
			children = (
				10C24F9F24EE190700BDD050 /* AppDelegate.swift */,
				10C24FA124EE190700BDD050 /* SceneDelegate.swift */,
				10C24FA324EE190700BDD050 /* ContentView.swift */,
				10C24FA524EE190800BDD050 /* Assets.xcassets */,
				10C24FAA24EE190800BDD050 /* LaunchScreen.storyboard */,
				10C24FAD24EE190800BDD050 /* Info.plist */,
				10C24FA724EE190800BDD050 /* Preview Content */,
			);
			path = "rock-paper-scissors";
			sourceTree = "<group>";
		};
		10C24FA724EE190800BDD050 /* Preview Content */ = {
			isa = PBXGroup;
			children = (
				10C24FA824EE190800BDD050 /* Preview Assets.xcassets */,
			);
			path = "Preview Content";
			sourceTree = "<group>";
		};
/* End PBXGroup section */

/* Begin PBXNativeTarget section */
		10C24F9B24EE190700BDD050 /* rock-paper-scissors */ = {
			isa = PBXNativeTarget;
			buildConfigurationList = 10C24FB024EE190800BDD050 /* Build configuration list for PBXNativeTarget "rock-paper-scissors" */;
			buildPhases = (
				10C24F9824EE190700BDD050 /* Sources */,
				10C24F9924EE190700BDD050 /* Frameworks */,
				10C24F9A24EE190700BDD050 /* Resources */,
			);
			buildRules = (
			);
			dependencies = (
			);
			name = "rock-paper-scissors";
			productName = "rock-paper-scissors";
			productReference = 10C24F9C24EE190700BDD050 /* rock-paper-scissors.app */;
			productType = "com.apple.product-type.application";
		};
/* End PBXNativeTarget section */

/* Begin PBXProject section */
		10C24F9424EE190700BDD050 /* Project object */ = {
			isa = PBXProject;
			attributes = {
				LastSwiftUpdateCheck = 1160;
				LastUpgradeCheck = 1160;
				ORGANIZATIONNAME = "Ling Lu";
				TargetAttributes = {
					10C24F9B24EE190700BDD050 = {
						CreatedOnToolsVersion = 11.6;
					};
				};
			};
			buildConfigurationList = 10C24F9724EE190700BDD050 /* Build configuration list for PBXProject "rock-paper-scissors" */;
			compatibilityVersion = "Xcode 9.3";
			developmentRegion = en;
			hasScannedForEncodings = 0;
			knownRegions = (
				en,
				Base,
			);
			mainGroup = 10C24F9324EE190700BDD050;
			productRefGroup = 10C24F9D24EE190700BDD050 /* Products */;
			projectDirPath = "";
			projectRoot = "";
			targets = (
				10C24F9B24EE190700BDD050 /* rock-paper-scissors */,
			);
		};
/* End PBXProject section */

/* Begin PBXResourcesBuildPhase section */
		10C24F9A24EE190700BDD050 /* Resources */ = {
			isa = PBXResourcesBuildPhase;
			buildActionMask = 2147483647;
			files = (
				10C24FAC24EE190800BDD050 /* LaunchScreen.storyboard in Resources */,
				10C24FA924EE190800BDD050 /* Preview Assets.xcassets in Resources */,
				10C24FA624EE190800BDD050 /* Assets.xcassets in Resources */,
			);
			runOnlyForDeploymentPostprocessing = 0;
		};
/* End PBXResourcesBuildPhase section */

/* Begin PBXSourcesBuildPhase section */
		10C24F9824EE190700BDD050 /* Sources */ = {
			isa = PBXSourcesBuildPhase;
			buildActionMask = 2147483647;
			files = (
				10C24FA024EE190700BDD050 /* AppDelegate.swift in Sources */,
				10C24FA224EE190700BDD050 /* SceneDelegate.swift in Sources */,
				10C24FA424EE190700BDD050 /* ContentView.swift in Sources */,
			);
			runOnlyForDeploymentPostprocessing = 0;
		};
/* End PBXSourcesBuildPhase section */

/* Begin PBXVariantGroup section */
		10C24FAA24EE190800BDD050 /* LaunchScreen.storyboard */ = {
			isa = PBXVariantGroup;
			children = (
				10C24FAB24EE190800BDD050 /* Base */,
			);
			name = LaunchScreen.storyboard;
			sourceTree = "<group>";
		};
/* End PBXVariantGroup section */

/* Begin XCBuildConfiguration section */
		10C24FAE24EE190800BDD050 /* Debug */ = {
			isa = XCBuildConfiguration;
			buildSettings = {
				ALWAYS_SEARCH_USER_PATHS = NO;
				CLANG_ANALYZER_NONNULL = YES;
				CLANG_ANALYZER_NUMBER_OBJECT_CONVERSION = YES_AGGRESSIVE;
				CLANG_CXX_LANGUAGE_STANDARD = "gnu++14";
				CLANG_CXX_LIBRARY = "libc++";
				CLANG_ENABLE_MODULES = YES;
				CLANG_ENABLE_OBJC_ARC = YES;
				CLANG_ENABLE_OBJC_WEAK = YES;
				CLANG_WARN_BLOCK_CAPTURE_AUTORELEASING = YES;
				CLANG_WARN_BOOL_CONVERSION = YES;
				CLANG_WARN_COMMA = YES;
				CLANG_WARN_CONSTANT_CONVERSION = YES;
				CLANG_WARN_DEPRECATED_OBJC_IMPLEMENTATIONS = YES;
				CLANG_WARN_DIRECT_OBJC_ISA_USAGE = YES_ERROR;
				CLANG_WARN_DOCUMENTATION_COMMENTS = YES;
				CLANG_WARN_EMPTY_BODY = YES;
				CLANG_WARN_ENUM_CONVERSION = YES;
				CLANG_WARN_INFINITE_RECURSION = YES;
				CLANG_WARN_INT_CONVERSION = YES;
				CLANG_WARN_NON_LITERAL_NULL_CONVERSION = YES;
				CLANG_WARN_OBJC_IMPLICIT_RETAIN_SELF = YES;
				CLANG_WARN_OBJC_LITERAL_CONVERSION = YES;
				CLANG_WARN_OBJC_ROOT_CLASS = YES_ERROR;
				CLANG_WARN_RANGE_LOOP_ANALYSIS = YES;
				CLANG_WARN_STRICT_PROTOTYPES = YES;
				CLANG_WARN_SUSPICIOUS_MOVE = YES;
				CLANG_WARN_UNGUARDED_AVAILABILITY = YES_AGGRESSIVE;
				CLANG_WARN_UNREACHABLE_CODE = YES;
				CLANG_WARN__DUPLICATE_METHOD_MATCH = YES;
				COPY_PHASE_STRIP = NO;
				DEBUG_INFORMATION_FORMAT = dwarf;
				ENABLE_STRICT_OBJC_MSGSEND = YES;
				ENABLE_TESTABILITY = YES;
				GCC_C_LANGUAGE_STANDARD = gnu11;
				GCC_DYNAMIC_NO_PIC = NO;
				GCC_NO_COMMON_BLOCKS = YES;
				GCC_OPTIMIZATION_LEVEL = 0;
				GCC_PREPROCESSOR_DEFINITIONS = (
					"DEBUG=1",
					"$(inherited)",
				);
				GCC_WARN_64_TO_32_BIT_CONVERSION = YES;
				GCC_WARN_ABOUT_RETURN_TYPE = YES_ERROR;
				GCC_WARN_UNDECLARED_SELECTOR = YES;
				GCC_WARN_UNINITIALIZED_AUTOS = YES_AGGRESSIVE;
				GCC_WARN_UNUSED_FUNCTION = YES;
				GCC_WARN_UNUSED_VARIABLE = YES;
				IPHONEOS_DEPLOYMENT_TARGET = 13.6;
				MTL_ENABLE_DEBUG_INFO = INCLUDE_SOURCE;
				MTL_FAST_MATH = YES;
				ONLY_ACTIVE_ARCH = YES;
				SDKROOT = iphoneos;
				SWIFT_ACTIVE_COMPILATION_CONDITIONS = DEBUG;
				SWIFT_OPTIMIZATION_LEVEL = "-Onone";
			};
			name = Debug;
		};
		10C24FAF24EE190800BDD050 /* Release */ = {
			isa = XCBuildConfiguration;
			buildSettings = {
				ALWAYS_SEARCH_USER_PATHS = NO;
				CLANG_ANALYZER_NONNULL = YES;
				CLANG_ANALYZER_NUMBER_OBJECT_CONVERSION = YES_AGGRESSIVE;
				CLANG_CXX_LANGUAGE_STANDARD = "gnu++14";
				CLANG_CXX_LIBRARY = "libc++";
				CLANG_ENABLE_MODULES = YES;
				CLANG_ENABLE_OBJC_ARC = YES;
				CLANG_ENABLE_OBJC_WEAK = YES;
				CLANG_WARN_BLOCK_CAPTURE_AUTORELEASING = YES;
				CLANG_WARN_BOOL_CONVERSION = YES;
				CLANG_WARN_COMMA = YES;
				CLANG_WARN_CONSTANT_CONVERSION = YES;
				CLANG_WARN_DEPRECATED_OBJC_IMPLEMENTATIONS = YES;
				CLANG_WARN_DIRECT_OBJC_ISA_USAGE = YES_ERROR;
				CLANG_WARN_DOCUMENTATION_COMMENTS = YES;
				CLANG_WARN_EMPTY_BODY = YES;
				CLANG_WARN_ENUM_CONVERSION = YES;
				CLANG_WARN_INFINITE_RECURSION = YES;
				CLANG_WARN_INT_CONVERSION = YES;
				CLANG_WARN_NON_LITERAL_NULL_CONVERSION = YES;
				CLANG_WARN_OBJC_IMPLICIT_RETAIN_SELF = YES;
				CLANG_WARN_OBJC_LITERAL_CONVERSION = YES;
				CLANG_WARN_OBJC_ROOT_CLASS = YES_ERROR;
				CLANG_WARN_RANGE_LOOP_ANALYSIS = YES;
				CLANG_WARN_STRICT_PROTOTYPES = YES;
				CLANG_WARN_SUSPICIOUS_MOVE = YES;
				CLANG_WARN_UNGUARDED_AVAILABILITY = YES_AGGRESSIVE;
				CLANG_WARN_UNREACHABLE_CODE = YES;
				CLANG_WARN__DUPLICATE_METHOD_MATCH = YES;
				COPY_PHASE_STRIP = NO;
				DEBUG_INFORMATION_FORMAT = "dwarf-with-dsym";
				ENABLE_NS_ASSERTIONS = NO;
				ENABLE_STRICT_OBJC_MSGSEND = YES;
				GCC_C_LANGUAGE_STANDARD = gnu11;
				GCC_NO_COMMON_BLOCKS = YES;
				GCC_WARN_64_TO_32_BIT_CONVERSION = YES;
				GCC_WARN_ABOUT_RETURN_TYPE = YES_ERROR;
				GCC_WARN_UNDECLARED_SELECTOR = YES;
				GCC_WARN_UNINITIALIZED_AUTOS = YES_AGGRESSIVE;
				GCC_WARN_UNUSED_FUNCTION = YES;
				GCC_WARN_UNUSED_VARIABLE = YES;
				IPHONEOS_DEPLOYMENT_TARGET = 13.6;
				MTL_ENABLE_DEBUG_INFO = NO;
				MTL_FAST_MATH = YES;
				SDKROOT = iphoneos;
				SWIFT_COMPILATION_MODE = wholemodule;
				SWIFT_OPTIMIZATION_LEVEL = "-O";
				VALIDATE_PRODUCT = YES;
			};
			name = Release;
		};
		10C24FB124EE190800BDD050 /* Debug */ = {
			isa = XCBuildConfiguration;
			buildSettings = {
				ASSETCATALOG_COMPILER_APPICON_NAME = AppIcon;
				CODE_SIGN_STYLE = Automatic;
				DEVELOPMENT_ASSET_PATHS = "\"rock-paper-scissors/Preview Content\"";
				ENABLE_PREVIEWS = YES;
				INFOPLIST_FILE = "rock-paper-scissors/Info.plist";
				LD_RUNPATH_SEARCH_PATHS = (
					"$(inherited)",
					"@executable_path/Frameworks",
				);
				PRODUCT_BUNDLE_IDENTIFIER = "ca.linglu.rock-paper-scissors";
				PRODUCT_NAME = "$(TARGET_NAME)";
				SWIFT_VERSION = 5.0;
				TARGETED_DEVICE_FAMILY = "1,2";
			};
			name = Debug;
		};
		10C24FB224EE190800BDD050 /* Release */ = {
			isa = XCBuildConfiguration;
			buildSettings = {
				ASSETCATALOG_COMPILER_APPICON_NAME = AppIcon;
				CODE_SIGN_STYLE = Automatic;
				DEVELOPMENT_ASSET_PATHS = "\"rock-paper-scissors/Preview Content\"";
				ENABLE_PREVIEWS = YES;
				INFOPLIST_FILE = "rock-paper-scissors/Info.plist";
				LD_RUNPATH_SEARCH_PATHS = (
					"$(inherited)",
					"@executable_path/Frameworks",
				);
				PRODUCT_BUNDLE_IDENTIFIER = "ca.linglu.rock-paper-scissors";
				PRODUCT_NAME = "$(TARGET_NAME)";
				SWIFT_VERSION = 5.0;
				TARGETED_DEVICE_FAMILY = "1,2";
			};
			name = Release;
		};
/* End XCBuildConfiguration section */

/* Begin XCConfigurationList section */
		10C24F9724EE190700BDD050 /* Build configuration list for PBXProject "rock-paper-scissors" */ = {
			isa = XCConfigurationList;
			buildConfigurations = (
				10C24FAE24EE190800BDD050 /* Debug */,
				10C24FAF24EE190800BDD050 /* Release */,
			);
			defaultConfigurationIsVisible = 0;
			defaultConfigurationName = Release;
		};
		10C24FB024EE190800BDD050 /* Build configuration list for PBXNativeTarget "rock-paper-scissors" */ = {
			isa = XCConfigurationList;
			buildConfigurations = (
				10C24FB124EE190800BDD050 /* Debug */,
				10C24FB224EE190800BDD050 /* Release */,
			);
			defaultConfigurationIsVisible = 0;
			defaultConfigurationName = Release;
		};
/* End XCConfigurationList section */
	};
	rootObject = 10C24F9424EE190700BDD050 /* Project object */;
}
